
Microsoft Visual Studio Solution File, Format Version 12.00
# Visual Studio Version 17
VisualStudioVersion = 17.6.33829.357
MinimumVisualStudioVersion = 10.0.40219.1
Project("{FAE04EC0-301F-11D3-BF4B-00C04F79EFBC}") = "Deliver.Functions", "Deliver.Functions\Deliver.Functions.csproj", "{03B517D2-DD87-498D-BDCD-78864BBF2AED}"
EndProject
Global
	GlobalSection(SolutionConfigurationPlatforms) = preSolution
		Debug|Any CPU = Debug|Any CPU
		Release|Any CPU = Release|Any CPU
	EndGlobalSection
	GlobalSection(ProjectConfigurationPlatforms) = postSolution
		{03B517D2-DD87-498D-BDCD-78864BBF2AED}.Debug|Any CPU.ActiveCfg = Debug|Any CPU
		{03B517D2-DD87-498D-BDCD-78864BBF2AED}.Debug|Any CPU.Build.0 = Debug|Any CPU
		{03B517D2-DD87-498D-BDCD-78864BBF2AED}.Release|Any CPU.ActiveCfg = Release|Any CPU
		{03B517D2-DD87-498D-BDCD-78864BBF2AED}.Release|Any CPU.Build.0 = Release|Any CPU
	EndGlobalSection
	GlobalSection(SolutionProperties) = preSolution
		HideSolutionNode = FALSE
	EndGlobalSection
	GlobalSection(ExtensibilityGlobals) = postSolution
		SolutionGuid = {CF125E36-0DEE-4E27-936D-795ED9943056}
	EndGlobalSection
EndGlobal
